
Microsoft Visual Studio Solution File, Format Version 12.00
# Visual Studio Version 17
VisualStudioVersion = 17.14.36301.6 d17.14
MinimumVisualStudioVersion = 10.0.40219.1
Project("{FAE04EC0-301F-11D3-BF4B-00C04F79EFBC}") = "Ejercicio 1. Sueldos", "Ejercicio 1. Sueldos\Ejercicio 1. Sueldos.csproj", "{8E0F70D2-C5E5-48F2-9913-4499850FEBAF}"
EndProject
Global
	GlobalSection(SolutionConfigurationPlatforms) = preSolution
		Debug|Any CPU = Debug|Any CPU
		Release|Any CPU = Release|Any CPU
	EndGlobalSection
	GlobalSection(ProjectConfigurationPlatforms) = postSolution
		{8E0F70D2-C5E5-48F2-9913-4499850FEBAF}.Debug|Any CPU.ActiveCfg = Debug|Any CPU
		{8E0F70D2-C5E5-48F2-9913-4499850FEBAF}.Debug|Any CPU.Build.0 = Debug|Any CPU
		{8E0F70D2-C5E5-48F2-9913-4499850FEBAF}.Release|Any CPU.ActiveCfg = Release|Any CPU
		{8E0F70D2-C5E5-48F2-9913-4499850FEBAF}.Release|Any CPU.Build.0 = Release|Any CPU
	EndGlobalSection
	GlobalSection(SolutionProperties) = preSolution
		HideSolutionNode = FALSE
	EndGlobalSection
	GlobalSection(ExtensibilityGlobals) = postSolution
		SolutionGuid = {E7399E04-6605-4010-84DE-834E1D68B617}
	EndGlobalSection
EndGlobal
